
Microsoft Visual Studio Solution File, Format Version 12.00
# Visual Studio Version 17
VisualStudioVersion = 17.8.34309.116
MinimumVisualStudioVersion = 10.0.40219.1
Project("{9A19103F-16F7-4668-BE54-9A1E7A4F7556}") = "StoreRepo", "StoreRepo\StoreRepo.csproj", "{822C3183-7CF9-4423-8720-8FC266D74908}"
EndProject
Project("{2150E333-8FDC-42A3-9474-1A3956D46DE8}") = "Application", "Application", "{6CE8242D-FFC0-4C11-9B0F-07F7B98A8C1D}"
EndProject
Project("{2150E333-8FDC-42A3-9474-1A3956D46DE8}") = "Hosts", "Hosts", "{6D9C3A6C-F848-4B58-B7AE-709BA414C6E2}"
EndProject
Project("{2150E333-8FDC-42A3-9474-1A3956D46DE8}") = "Domain", "Domain", "{FF3B7036-C236-472D-B3CE-8A8D447BCC56}"
EndProject
Project("{2150E333-8FDC-42A3-9474-1A3956D46DE8}") = "Infrastructure", "Infrastructure", "{E217C29F-D3D0-488F-8AAC-C657C9EAF289}"
EndProject
Project("{2150E333-8FDC-42A3-9474-1A3956D46DE8}") = "Contracts", "Contracts", "{8B85D0BD-AA2C-449B-B58F-AF92936A9D9A}"
EndProject
Project("{9A19103F-16F7-4668-BE54-9A1E7A4F7556}") = "Application", "Application\Application.csproj", "{E31968CD-F8FF-4039-B62A-43C6EF20E503}"
EndProject
Project("{9A19103F-16F7-4668-BE54-9A1E7A4F7556}") = "Contracts", "Contraccts\Contracts.csproj", "{0E8FA2D6-FD62-43BB-BA60-7597044704CD}"
EndProject
Project("{9A19103F-16F7-4668-BE54-9A1E7A4F7556}") = "Domain", "Domain\Domain.csproj", "{37847D67-91D1-4220-A248-1248E3670529}"
EndProject
Project("{9A19103F-16F7-4668-BE54-9A1E7A4F7556}") = "DataAccess", "DataAccess\DataAccess.csproj", "{5A7FB03B-B24C-4B45-9878-FFEE3B3BFE11}"
EndProject
Project("{9A19103F-16F7-4668-BE54-9A1E7A4F7556}") = "ComponentRegister", "ComponentRegister\ComponentRegister.csproj", "{E5BDB409-D396-400C-808C-29DB0338C2B8}"
EndProject
Project("{9A19103F-16F7-4668-BE54-9A1E7A4F7556}") = "Infastructure", "Infastructure\Infastructure.csproj", "{EECFBA96-2A95-4E14-99D1-BA9CE56B8C68}"
EndProject
Global
	GlobalSection(SolutionConfigurationPlatforms) = preSolution
		Debug|Any CPU = Debug|Any CPU
		Release|Any CPU = Release|Any CPU
	EndGlobalSection
	GlobalSection(ProjectConfigurationPlatforms) = postSolution
		{822C3183-7CF9-4423-8720-8FC266D74908}.Debug|Any CPU.ActiveCfg = Debug|Any CPU
		{822C3183-7CF9-4423-8720-8FC266D74908}.Debug|Any CPU.Build.0 = Debug|Any CPU
		{822C3183-7CF9-4423-8720-8FC266D74908}.Release|Any CPU.ActiveCfg = Release|Any CPU
		{822C3183-7CF9-4423-8720-8FC266D74908}.Release|Any CPU.Build.0 = Release|Any CPU
		{E31968CD-F8FF-4039-B62A-43C6EF20E503}.Debug|Any CPU.ActiveCfg = Debug|Any CPU
		{E31968CD-F8FF-4039-B62A-43C6EF20E503}.Debug|Any CPU.Build.0 = Debug|Any CPU
		{E31968CD-F8FF-4039-B62A-43C6EF20E503}.Release|Any CPU.ActiveCfg = Release|Any CPU
		{E31968CD-F8FF-4039-B62A-43C6EF20E503}.Release|Any CPU.Build.0 = Release|Any CPU
		{0E8FA2D6-FD62-43BB-BA60-7597044704CD}.Debug|Any CPU.ActiveCfg = Debug|Any CPU
		{0E8FA2D6-FD62-43BB-BA60-7597044704CD}.Debug|Any CPU.Build.0 = Debug|Any CPU
		{0E8FA2D6-FD62-43BB-BA60-7597044704CD}.Release|Any CPU.ActiveCfg = Release|Any CPU
		{0E8FA2D6-FD62-43BB-BA60-7597044704CD}.Release|Any CPU.Build.0 = Release|Any CPU
		{37847D67-91D1-4220-A248-1248E3670529}.Debug|Any CPU.ActiveCfg = Debug|Any CPU
		{37847D67-91D1-4220-A248-1248E3670529}.Debug|Any CPU.Build.0 = Debug|Any CPU
		{37847D67-91D1-4220-A248-1248E3670529}.Release|Any CPU.ActiveCfg = Release|Any CPU
		{37847D67-91D1-4220-A248-1248E3670529}.Release|Any CPU.Build.0 = Release|Any CPU
		{5A7FB03B-B24C-4B45-9878-FFEE3B3BFE11}.Debug|Any CPU.ActiveCfg = Debug|Any CPU
		{5A7FB03B-B24C-4B45-9878-FFEE3B3BFE11}.Debug|Any CPU.Build.0 = Debug|Any CPU
		{5A7FB03B-B24C-4B45-9878-FFEE3B3BFE11}.Release|Any CPU.ActiveCfg = Release|Any CPU
		{5A7FB03B-B24C-4B45-9878-FFEE3B3BFE11}.Release|Any CPU.Build.0 = Release|Any CPU
		{E5BDB409-D396-400C-808C-29DB0338C2B8}.Debug|Any CPU.ActiveCfg = Debug|Any CPU
		{E5BDB409-D396-400C-808C-29DB0338C2B8}.Debug|Any CPU.Build.0 = Debug|Any CPU
		{E5BDB409-D396-400C-808C-29DB0338C2B8}.Release|Any CPU.ActiveCfg = Release|Any CPU
		{E5BDB409-D396-400C-808C-29DB0338C2B8}.Release|Any CPU.Build.0 = Release|Any CPU
		{EECFBA96-2A95-4E14-99D1-BA9CE56B8C68}.Debug|Any CPU.ActiveCfg = Debug|Any CPU
		{EECFBA96-2A95-4E14-99D1-BA9CE56B8C68}.Debug|Any CPU.Build.0 = Debug|Any CPU
		{EECFBA96-2A95-4E14-99D1-BA9CE56B8C68}.Release|Any CPU.ActiveCfg = Release|Any CPU
		{EECFBA96-2A95-4E14-99D1-BA9CE56B8C68}.Release|Any CPU.Build.0 = Release|Any CPU
	EndGlobalSection
	GlobalSection(SolutionProperties) = preSolution
		HideSolutionNode = FALSE
	EndGlobalSection
	GlobalSection(NestedProjects) = preSolution
		{822C3183-7CF9-4423-8720-8FC266D74908} = {6D9C3A6C-F848-4B58-B7AE-709BA414C6E2}
		{E31968CD-F8FF-4039-B62A-43C6EF20E503} = {6CE8242D-FFC0-4C11-9B0F-07F7B98A8C1D}
		{0E8FA2D6-FD62-43BB-BA60-7597044704CD} = {8B85D0BD-AA2C-449B-B58F-AF92936A9D9A}
		{37847D67-91D1-4220-A248-1248E3670529} = {FF3B7036-C236-472D-B3CE-8A8D447BCC56}
		{5A7FB03B-B24C-4B45-9878-FFEE3B3BFE11} = {E217C29F-D3D0-488F-8AAC-C657C9EAF289}
		{E5BDB409-D396-400C-808C-29DB0338C2B8} = {E217C29F-D3D0-488F-8AAC-C657C9EAF289}
		{EECFBA96-2A95-4E14-99D1-BA9CE56B8C68} = {E217C29F-D3D0-488F-8AAC-C657C9EAF289}
	EndGlobalSection
	GlobalSection(ExtensibilityGlobals) = postSolution
		SolutionGuid = {FD658B1C-3721-4E71-88F9-192480318680}
	EndGlobalSection
EndGlobal
